
Microsoft Visual Studio Solution File, Format Version 12.00
# Visual Studio Version 16
VisualStudioVersion = 16.0.32929.386
MinimumVisualStudioVersion = 10.0.40219.1
Project("{FAE04EC0-301F-11D3-BF4B-00C04F79EFBC}") = "15_for", "15_for\15_for.csproj", "{EC552116-A042-426A-BAB0-C95CFD7938EE}"
EndProject
Global
	GlobalSection(SolutionConfigurationPlatforms) = preSolution
		Debug|Any CPU = Debug|Any CPU
		Release|Any CPU = Release|Any CPU
	EndGlobalSection
	GlobalSection(ProjectConfigurationPlatforms) = postSolution
		{EC552116-A042-426A-BAB0-C95CFD7938EE}.Debug|Any CPU.ActiveCfg = Debug|Any CPU
		{EC552116-A042-426A-BAB0-C95CFD7938EE}.Debug|Any CPU.Build.0 = Debug|Any CPU
		{EC552116-A042-426A-BAB0-C95CFD7938EE}.Release|Any CPU.ActiveCfg = Release|Any CPU
		{EC552116-A042-426A-BAB0-C95CFD7938EE}.Release|Any CPU.Build.0 = Release|Any CPU
	EndGlobalSection
	GlobalSection(SolutionProperties) = preSolution
		HideSolutionNode = FALSE
	EndGlobalSection
	GlobalSection(ExtensibilityGlobals) = postSolution
		SolutionGuid = {33C81934-02C4-4BEA-BB00-BADAE5AF606D}
	EndGlobalSection
EndGlobal
