
Microsoft Visual Studio Solution File, Format Version 12.00
# Visual Studio Version 16
VisualStudioVersion = 16.0.32228.343
MinimumVisualStudioVersion = 10.0.40219.1
Project("{FAE04EC0-301F-11D3-BF4B-00C04F79EFBC}") = "21_UsingStaticClasses", "21_UsingStaticClasses\21_UsingStaticClasses.csproj", "{9CFE5805-285E-46B9-A73B-B33FE855EB80}"
EndProject
Global
	GlobalSection(SolutionConfigurationPlatforms) = preSolution
		Debug|Any CPU = Debug|Any CPU
		Release|Any CPU = Release|Any CPU
	EndGlobalSection
	GlobalSection(ProjectConfigurationPlatforms) = postSolution
		{9CFE5805-285E-46B9-A73B-B33FE855EB80}.Debug|Any CPU.ActiveCfg = Debug|Any CPU
		{9CFE5805-285E-46B9-A73B-B33FE855EB80}.Debug|Any CPU.Build.0 = Debug|Any CPU
		{9CFE5805-285E-46B9-A73B-B33FE855EB80}.Release|Any CPU.ActiveCfg = Release|Any CPU
		{9CFE5805-285E-46B9-A73B-B33FE855EB80}.Release|Any CPU.Build.0 = Release|Any CPU
	EndGlobalSection
	GlobalSection(SolutionProperties) = preSolution
		HideSolutionNode = FALSE
	EndGlobalSection
	GlobalSection(ExtensibilityGlobals) = postSolution
		SolutionGuid = {55BC3519-8EE2-481A-9F68-BCD005001481}
	EndGlobalSection
EndGlobal
