
Microsoft Visual Studio Solution File, Format Version 12.00
# Visual Studio Version 16
VisualStudioVersion = 16.0.32929.386
MinimumVisualStudioVersion = 10.0.40219.1
Project("{FAE04EC0-301F-11D3-BF4B-00C04F79EFBC}") = "30_LinqQuerySyntax", "30_LinqQuerySyntax\30_LinqQuerySyntax.csproj", "{81E3A085-0C33-4DF3-B698-30CD249C0C1A}"
EndProject
Global
	GlobalSection(SolutionConfigurationPlatforms) = preSolution
		Debug|Any CPU = Debug|Any CPU
		Release|Any CPU = Release|Any CPU
	EndGlobalSection
	GlobalSection(ProjectConfigurationPlatforms) = postSolution
		{81E3A085-0C33-4DF3-B698-30CD249C0C1A}.Debug|Any CPU.ActiveCfg = Debug|Any CPU
		{81E3A085-0C33-4DF3-B698-30CD249C0C1A}.Debug|Any CPU.Build.0 = Debug|Any CPU
		{81E3A085-0C33-4DF3-B698-30CD249C0C1A}.Release|Any CPU.ActiveCfg = Release|Any CPU
		{81E3A085-0C33-4DF3-B698-30CD249C0C1A}.Release|Any CPU.Build.0 = Release|Any CPU
	EndGlobalSection
	GlobalSection(SolutionProperties) = preSolution
		HideSolutionNode = FALSE
	EndGlobalSection
	GlobalSection(ExtensibilityGlobals) = postSolution
		SolutionGuid = {68D7757C-A3CC-494C-B498-7D3DE92701E0}
	EndGlobalSection
EndGlobal
