
Microsoft Visual Studio Solution File, Format Version 12.00
# Visual Studio Version 16
VisualStudioVersion = 16.0.32228.343
MinimumVisualStudioVersion = 10.0.40219.1
Project("{FAE04EC0-301F-11D3-BF4B-00C04F79EFBC}") = "30_LinqWhereMethods", "30_LinqWhereMethods\30_LinqWhereMethods.csproj", "{037C5D85-53D1-4139-AFB2-0DC29EC25D53}"
EndProject
Global
	GlobalSection(SolutionConfigurationPlatforms) = preSolution
		Debug|Any CPU = Debug|Any CPU
		Release|Any CPU = Release|Any CPU
	EndGlobalSection
	GlobalSection(ProjectConfigurationPlatforms) = postSolution
		{037C5D85-53D1-4139-AFB2-0DC29EC25D53}.Debug|Any CPU.ActiveCfg = Debug|Any CPU
		{037C5D85-53D1-4139-AFB2-0DC29EC25D53}.Debug|Any CPU.Build.0 = Debug|Any CPU
		{037C5D85-53D1-4139-AFB2-0DC29EC25D53}.Release|Any CPU.ActiveCfg = Release|Any CPU
		{037C5D85-53D1-4139-AFB2-0DC29EC25D53}.Release|Any CPU.Build.0 = Release|Any CPU
	EndGlobalSection
	GlobalSection(SolutionProperties) = preSolution
		HideSolutionNode = FALSE
	EndGlobalSection
	GlobalSection(ExtensibilityGlobals) = postSolution
		SolutionGuid = {992E6D50-E955-49E4-82F2-95254AACD080}
	EndGlobalSection
EndGlobal
