
Microsoft Visual Studio Solution File, Format Version 12.00
# Visual Studio Version 16
VisualStudioVersion = 16.0.32228.343
MinimumVisualStudioVersion = 10.0.40219.1
Project("{FAE04EC0-301F-11D3-BF4B-00C04F79EFBC}") = "22_StructVariable", "22_StructVariable\22_StructVariable.csproj", "{1E7BF5C5-2DD8-4B0A-A65C-6CFB0315D5F2}"
EndProject
Global
	GlobalSection(SolutionConfigurationPlatforms) = preSolution
		Debug|Any CPU = Debug|Any CPU
		Release|Any CPU = Release|Any CPU
	EndGlobalSection
	GlobalSection(ProjectConfigurationPlatforms) = postSolution
		{1E7BF5C5-2DD8-4B0A-A65C-6CFB0315D5F2}.Debug|Any CPU.ActiveCfg = Debug|Any CPU
		{1E7BF5C5-2DD8-4B0A-A65C-6CFB0315D5F2}.Debug|Any CPU.Build.0 = Debug|Any CPU
		{1E7BF5C5-2DD8-4B0A-A65C-6CFB0315D5F2}.Release|Any CPU.ActiveCfg = Release|Any CPU
		{1E7BF5C5-2DD8-4B0A-A65C-6CFB0315D5F2}.Release|Any CPU.Build.0 = Release|Any CPU
	EndGlobalSection
	GlobalSection(SolutionProperties) = preSolution
		HideSolutionNode = FALSE
	EndGlobalSection
	GlobalSection(ExtensibilityGlobals) = postSolution
		SolutionGuid = {B47D55F1-BCF1-411D-85E8-BEFE6249463B}
	EndGlobalSection
EndGlobal
