
Microsoft Visual Studio Solution File, Format Version 12.00
# Visual Studio Version 16
VisualStudioVersion = 16.0.32228.343
MinimumVisualStudioVersion = 10.0.40219.1
Project("{FAE04EC0-301F-11D3-BF4B-00C04F79EFBC}") = "18_arrayStudent", "18_arrayStudent\18_arrayStudent.csproj", "{89BDFD7D-D725-4A71-9F5F-FBABE09C6769}"
EndProject
Global
	GlobalSection(SolutionConfigurationPlatforms) = preSolution
		Debug|Any CPU = Debug|Any CPU
		Release|Any CPU = Release|Any CPU
	EndGlobalSection
	GlobalSection(ProjectConfigurationPlatforms) = postSolution
		{89BDFD7D-D725-4A71-9F5F-FBABE09C6769}.Debug|Any CPU.ActiveCfg = Debug|Any CPU
		{89BDFD7D-D725-4A71-9F5F-FBABE09C6769}.Debug|Any CPU.Build.0 = Debug|Any CPU
		{89BDFD7D-D725-4A71-9F5F-FBABE09C6769}.Release|Any CPU.ActiveCfg = Release|Any CPU
		{89BDFD7D-D725-4A71-9F5F-FBABE09C6769}.Release|Any CPU.Build.0 = Release|Any CPU
	EndGlobalSection
	GlobalSection(SolutionProperties) = preSolution
		HideSolutionNode = FALSE
	EndGlobalSection
	GlobalSection(ExtensibilityGlobals) = postSolution
		SolutionGuid = {3495AF07-DE62-4CC4-8020-CB0F9923F269}
	EndGlobalSection
EndGlobal
