
Microsoft Visual Studio Solution File, Format Version 12.00
# Visual Studio Version 16
VisualStudioVersion = 16.0.32228.343
MinimumVisualStudioVersion = 10.0.40219.1
Project("{FAE04EC0-301F-11D3-BF4B-00C04F79EFBC}") = "16_doWhile", "16_doWhile\16_doWhile.csproj", "{0B9F44E0-CF17-4FE0-8D1F-026CB3F6062E}"
EndProject
Global
	GlobalSection(SolutionConfigurationPlatforms) = preSolution
		Debug|Any CPU = Debug|Any CPU
		Release|Any CPU = Release|Any CPU
	EndGlobalSection
	GlobalSection(ProjectConfigurationPlatforms) = postSolution
		{0B9F44E0-CF17-4FE0-8D1F-026CB3F6062E}.Debug|Any CPU.ActiveCfg = Debug|Any CPU
		{0B9F44E0-CF17-4FE0-8D1F-026CB3F6062E}.Debug|Any CPU.Build.0 = Debug|Any CPU
		{0B9F44E0-CF17-4FE0-8D1F-026CB3F6062E}.Release|Any CPU.ActiveCfg = Release|Any CPU
		{0B9F44E0-CF17-4FE0-8D1F-026CB3F6062E}.Release|Any CPU.Build.0 = Release|Any CPU
	EndGlobalSection
	GlobalSection(SolutionProperties) = preSolution
		HideSolutionNode = FALSE
	EndGlobalSection
	GlobalSection(ExtensibilityGlobals) = postSolution
		SolutionGuid = {6C924B92-3471-4046-B508-791A64128AC5}
	EndGlobalSection
EndGlobal
