
Microsoft Visual Studio Solution File, Format Version 12.00
# Visual Studio Version 16
VisualStudioVersion = 16.0.32929.386
MinimumVisualStudioVersion = 10.0.40219.1
Project("{FAE04EC0-301F-11D3-BF4B-00C04F79EFBC}") = "05_Variable", "05_Variable\05_Variable.csproj", "{023314E7-CEBB-4C85-B954-795A412D5584}"
EndProject
Global
	GlobalSection(SolutionConfigurationPlatforms) = preSolution
		Debug|Any CPU = Debug|Any CPU
		Release|Any CPU = Release|Any CPU
	EndGlobalSection
	GlobalSection(ProjectConfigurationPlatforms) = postSolution
		{023314E7-CEBB-4C85-B954-795A412D5584}.Debug|Any CPU.ActiveCfg = Debug|Any CPU
		{023314E7-CEBB-4C85-B954-795A412D5584}.Debug|Any CPU.Build.0 = Debug|Any CPU
		{023314E7-CEBB-4C85-B954-795A412D5584}.Release|Any CPU.ActiveCfg = Release|Any CPU
		{023314E7-CEBB-4C85-B954-795A412D5584}.Release|Any CPU.Build.0 = Release|Any CPU
	EndGlobalSection
	GlobalSection(SolutionProperties) = preSolution
		HideSolutionNode = FALSE
	EndGlobalSection
	GlobalSection(ExtensibilityGlobals) = postSolution
		SolutionGuid = {BCEFA85C-9D74-4D0D-B7AC-6395FBAEA56D}
	EndGlobalSection
EndGlobal
