
Microsoft Visual Studio Solution File, Format Version 12.00
# Visual Studio Version 16
VisualStudioVersion = 16.0.32228.343
MinimumVisualStudioVersion = 10.0.40219.1
Project("{FAE04EC0-301F-11D3-BF4B-00C04F79EFBC}") = "24_StaticClass", "24_StaticClass\24_StaticClass.csproj", "{CA417AEE-0FC0-45E2-BF61-62E3C20A8EEE}"
EndProject
Global
	GlobalSection(SolutionConfigurationPlatforms) = preSolution
		Debug|Any CPU = Debug|Any CPU
		Release|Any CPU = Release|Any CPU
	EndGlobalSection
	GlobalSection(ProjectConfigurationPlatforms) = postSolution
		{CA417AEE-0FC0-45E2-BF61-62E3C20A8EEE}.Debug|Any CPU.ActiveCfg = Debug|Any CPU
		{CA417AEE-0FC0-45E2-BF61-62E3C20A8EEE}.Debug|Any CPU.Build.0 = Debug|Any CPU
		{CA417AEE-0FC0-45E2-BF61-62E3C20A8EEE}.Release|Any CPU.ActiveCfg = Release|Any CPU
		{CA417AEE-0FC0-45E2-BF61-62E3C20A8EEE}.Release|Any CPU.Build.0 = Release|Any CPU
	EndGlobalSection
	GlobalSection(SolutionProperties) = preSolution
		HideSolutionNode = FALSE
	EndGlobalSection
	GlobalSection(ExtensibilityGlobals) = postSolution
		SolutionGuid = {F32426C5-0610-4FE8-AF97-4F8F580B5A15}
	EndGlobalSection
EndGlobal
